// !$*UTF8*$!
{
	archiveVersion = 1;
	classes = {
	};
	objectVersion = 50;
	objects = {

/* Begin PBXBuildFile section */
		6A59625F22BAD9F000C1FA32 /* AppDelegate.swift in Sources */ = {isa = PBXBuildFile; fileRef = 6A59625E22BAD9F000C1FA32 /* AppDelegate.swift */; };
		6A59626422BAD9F000C1FA32 /* Main.storyboard in Resources */ = {isa = PBXBuildFile; fileRef = 6A59626222BAD9F000C1FA32 /* Main.storyboard */; };
		6A59626722BAD9F000C1FA32 /* Task.xcdatamodeld in Sources */ = {isa = PBXBuildFile; fileRef = 6A59626522BAD9F000C1FA32 /* Task.xcdatamodeld */; };
		6A59626922BAD9F200C1FA32 /* Assets.xcassets in Resources */ = {isa = PBXBuildFile; fileRef = 6A59626822BAD9F200C1FA32 /* Assets.xcassets */; };
		6A59626C22BAD9F200C1FA32 /* LaunchScreen.storyboard in Resources */ = {isa = PBXBuildFile; fileRef = 6A59626A22BAD9F200C1FA32 /* LaunchScreen.storyboard */; };
		6A59627422BADC0500C1FA32 /* TaskListTableViewController.swift in Sources */ = {isa = PBXBuildFile; fileRef = 6A59627322BADC0500C1FA32 /* TaskListTableViewController.swift */; };
		6A59627622BADD8600C1FA32 /* TaskDetailTableViewController.swift in Sources */ = {isa = PBXBuildFile; fileRef = 6A59627522BADD8600C1FA32 /* TaskDetailTableViewController.swift */; };
		6A59627B22BADEA200C1FA32 /* CoreDataStack.swift in Sources */ = {isa = PBXBuildFile; fileRef = 6A59627A22BADEA200C1FA32 /* CoreDataStack.swift */; };
		6A59627D22BAE29400C1FA32 /* Task+Convenience.swift in Sources */ = {isa = PBXBuildFile; fileRef = 6A59627C22BAE29400C1FA32 /* Task+Convenience.swift */; };
		6A59628222BAE4DE00C1FA32 /* TaskController.swift in Sources */ = {isa = PBXBuildFile; fileRef = 6A59628122BAE4DE00C1FA32 /* TaskController.swift */; };
		6A59628422BB01AE00C1FA32 /* DateHelpers.swift in Sources */ = {isa = PBXBuildFile; fileRef = 6A59628322BB01AE00C1FA32 /* DateHelpers.swift */; };
		6A59628622BB12CB00C1FA32 /* ButtonTableViewCell.swift in Sources */ = {isa = PBXBuildFile; fileRef = 6A59628522BB12CB00C1FA32 /* ButtonTableViewCell.swift */; };
/* End PBXBuildFile section */

/* Begin PBXFileReference section */
		6A59625B22BAD9F000C1FA32 /* Task.app */ = {isa = PBXFileReference; explicitFileType = wrapper.application; includeInIndex = 0; path = Task.app; sourceTree = BUILT_PRODUCTS_DIR; };
		6A59625E22BAD9F000C1FA32 /* AppDelegate.swift */ = {isa = PBXFileReference; lastKnownFileType = sourcecode.swift; path = AppDelegate.swift; sourceTree = "<group>"; };
		6A59626322BAD9F000C1FA32 /* Base */ = {isa = PBXFileReference; lastKnownFileType = file.storyboard; name = Base; path = Base.lproj/Main.storyboard; sourceTree = "<group>"; };
		6A59626622BAD9F000C1FA32 /* Task.xcdatamodel */ = {isa = PBXFileReference; lastKnownFileType = wrapper.xcdatamodel; path = Task.xcdatamodel; sourceTree = "<group>"; };
		6A59626822BAD9F200C1FA32 /* Assets.xcassets */ = {isa = PBXFileReference; lastKnownFileType = folder.assetcatalog; path = Assets.xcassets; sourceTree = "<group>"; };
		6A59626B22BAD9F200C1FA32 /* Base */ = {isa = PBXFileReference; lastKnownFileType = file.storyboard; name = Base; path = Base.lproj/LaunchScreen.storyboard; sourceTree = "<group>"; };
		6A59626D22BAD9F200C1FA32 /* Info.plist */ = {isa = PBXFileReference; lastKnownFileType = text.plist.xml; path = Info.plist; sourceTree = "<group>"; };
		6A59627322BADC0500C1FA32 /* TaskListTableViewController.swift */ = {isa = PBXFileReference; lastKnownFileType = sourcecode.swift; path = TaskListTableViewController.swift; sourceTree = "<group>"; };
		6A59627522BADD8600C1FA32 /* TaskDetailTableViewController.swift */ = {isa = PBXFileReference; lastKnownFileType = sourcecode.swift; path = TaskDetailTableViewController.swift; sourceTree = "<group>"; };
		6A59627A22BADEA200C1FA32 /* CoreDataStack.swift */ = {isa = PBXFileReference; lastKnownFileType = sourcecode.swift; path = CoreDataStack.swift; sourceTree = "<group>"; };
		6A59627C22BAE29400C1FA32 /* Task+Convenience.swift */ = {isa = PBXFileReference; lastKnownFileType = sourcecode.swift; path = "Task+Convenience.swift"; sourceTree = "<group>"; };
		6A59628122BAE4DE00C1FA32 /* TaskController.swift */ = {isa = PBXFileReference; lastKnownFileType = sourcecode.swift; path = TaskController.swift; sourceTree = "<group>"; };
		6A59628322BB01AE00C1FA32 /* DateHelpers.swift */ = {isa = PBXFileReference; lastKnownFileType = sourcecode.swift; path = DateHelpers.swift; sourceTree = "<group>"; };
		6A59628522BB12CB00C1FA32 /* ButtonTableViewCell.swift */ = {isa = PBXFileReference; lastKnownFileType = sourcecode.swift; path = ButtonTableViewCell.swift; sourceTree = "<group>"; };
/* End PBXFileReference section */

/* Begin PBXFrameworksBuildPhase section */
		6A59625822BAD9F000C1FA32 /* Frameworks */ = {
			isa = PBXFrameworksBuildPhase;
			buildActionMask = 2147483647;
			files = (
			);
			runOnlyForDeploymentPostprocessing = 0;
		};
/* End PBXFrameworksBuildPhase section */

/* Begin PBXGroup section */
		6A59625222BAD9F000C1FA32 = {
			isa = PBXGroup;
			children = (
				6A59625D22BAD9F000C1FA32 /* Task */,
				6A59625C22BAD9F000C1FA32 /* Products */,
			);
			sourceTree = "<group>";
		};
		6A59625C22BAD9F000C1FA32 /* Products */ = {
			isa = PBXGroup;
			children = (
				6A59625B22BAD9F000C1FA32 /* Task.app */,
			);
			name = Products;
			sourceTree = "<group>";
		};
		6A59625D22BAD9F000C1FA32 /* Task */ = {
			isa = PBXGroup;
			children = (
				6A59627722BADE3B00C1FA32 /* Resources */,
				6A59627922BADE5600C1FA32 /* Model */,
				6A59627822BADE4800C1FA32 /* ViewControllers */,
				6A59628122BAE4DE00C1FA32 /* TaskController.swift */,
				6A59628522BB12CB00C1FA32 /* ButtonTableViewCell.swift */,
			);
			path = Task;
			sourceTree = "<group>";
		};
		6A59627722BADE3B00C1FA32 /* Resources */ = {
			isa = PBXGroup;
			children = (
				6A59625E22BAD9F000C1FA32 /* AppDelegate.swift */,
				6A59626222BAD9F000C1FA32 /* Main.storyboard */,
				6A59626822BAD9F200C1FA32 /* Assets.xcassets */,
				6A59626A22BAD9F200C1FA32 /* LaunchScreen.storyboard */,
				6A59626D22BAD9F200C1FA32 /* Info.plist */,
			);
			path = Resources;
			sourceTree = "<group>";
		};
		6A59627822BADE4800C1FA32 /* ViewControllers */ = {
			isa = PBXGroup;
			children = (
				6A59627322BADC0500C1FA32 /* TaskListTableViewController.swift */,
				6A59628322BB01AE00C1FA32 /* DateHelpers.swift */,
				6A59627522BADD8600C1FA32 /* TaskDetailTableViewController.swift */,
			);
			path = ViewControllers;
			sourceTree = "<group>";
		};
		6A59627922BADE5600C1FA32 /* Model */ = {
			isa = PBXGroup;
			children = (
				6A59626522BAD9F000C1FA32 /* Task.xcdatamodeld */,
				6A59627C22BAE29400C1FA32 /* Task+Convenience.swift */,
				6A59627A22BADEA200C1FA32 /* CoreDataStack.swift */,
			);
			path = Model;
			sourceTree = "<group>";
		};
/* End PBXGroup section */

/* Begin PBXNativeTarget section */
		6A59625A22BAD9F000C1FA32 /* Task */ = {
			isa = PBXNativeTarget;
			buildConfigurationList = 6A59627022BAD9F200C1FA32 /* Build configuration list for PBXNativeTarget "Task" */;
			buildPhases = (
				6A59625722BAD9F000C1FA32 /* Sources */,
				6A59625822BAD9F000C1FA32 /* Frameworks */,
				6A59625922BAD9F000C1FA32 /* Resources */,
			);
			buildRules = (
			);
			dependencies = (
			);
			name = Task;
			productName = Task;
			productReference = 6A59625B22BAD9F000C1FA32 /* Task.app */;
			productType = "com.apple.product-type.application";
		};
/* End PBXNativeTarget section */

/* Begin PBXProject section */
		6A59625322BAD9F000C1FA32 /* Project object */ = {
			isa = PBXProject;
			attributes = {
				LastSwiftUpdateCheck = 1010;
				LastUpgradeCheck = 1010;
				ORGANIZATIONNAME = "julia rodriguez";
				TargetAttributes = {
					6A59625A22BAD9F000C1FA32 = {
						CreatedOnToolsVersion = 10.1;
					};
				};
			};
			buildConfigurationList = 6A59625622BAD9F000C1FA32 /* Build configuration list for PBXProject "Task" */;
			compatibilityVersion = "Xcode 9.3";
			developmentRegion = en;
			hasScannedForEncodings = 0;
			knownRegions = (
				en,
				Base,
			);
			mainGroup = 6A59625222BAD9F000C1FA32;
			productRefGroup = 6A59625C22BAD9F000C1FA32 /* Products */;
			projectDirPath = "";
			projectRoot = "";
			targets = (
				6A59625A22BAD9F000C1FA32 /* Task */,
			);
		};
/* End PBXProject section */

/* Begin PBXResourcesBuildPhase section */
		6A59625922BAD9F000C1FA32 /* Resources */ = {
			isa = PBXResourcesBuildPhase;
			buildActionMask = 2147483647;
			files = (
				6A59626C22BAD9F200C1FA32 /* LaunchScreen.storyboard in Resources */,
				6A59626922BAD9F200C1FA32 /* Assets.xcassets in Resources */,
				6A59626422BAD9F000C1FA32 /* Main.storyboard in Resources */,
			);
			runOnlyForDeploymentPostprocessing = 0;
		};
/* End PBXResourcesBuildPhase section */

/* Begin PBXSourcesBuildPhase section */
		6A59625722BAD9F000C1FA32 /* Sources */ = {
			isa = PBXSourcesBuildPhase;
			buildActionMask = 2147483647;
			files = (
				6A59628622BB12CB00C1FA32 /* ButtonTableViewCell.swift in Sources */,
				6A59628222BAE4DE00C1FA32 /* TaskController.swift in Sources */,
				6A59627B22BADEA200C1FA32 /* CoreDataStack.swift in Sources */,
				6A59626722BAD9F000C1FA32 /* Task.xcdatamodeld in Sources */,
				6A59627D22BAE29400C1FA32 /* Task+Convenience.swift in Sources */,
				6A59627422BADC0500C1FA32 /* TaskListTableViewController.swift in Sources */,
				6A59628422BB01AE00C1FA32 /* DateHelpers.swift in Sources */,
				6A59627622BADD8600C1FA32 /* TaskDetailTableViewController.swift in Sources */,
				6A59625F22BAD9F000C1FA32 /* AppDelegate.swift in Sources */,
			);
			runOnlyForDeploymentPostprocessing = 0;
		};
/* End PBXSourcesBuildPhase section */

/* Begin PBXVariantGroup section */
		6A59626222BAD9F000C1FA32 /* Main.storyboard */ = {
			isa = PBXVariantGroup;
			children = (
				6A59626322BAD9F000C1FA32 /* Base */,
			);
			name = Main.storyboard;
			sourceTree = "<group>";
		};
		6A59626A22BAD9F200C1FA32 /* LaunchScreen.storyboard */ = {
			isa = PBXVariantGroup;
			children = (
				6A59626B22BAD9F200C1FA32 /* Base */,
			);
			name = LaunchScreen.storyboard;
			sourceTree = "<group>";
		};
/* End PBXVariantGroup section */

/* Begin XCBuildConfiguration section */
		6A59626E22BAD9F200C1FA32 /* Debug */ = {
			isa = XCBuildConfiguration;
			buildSettings = {
				ALWAYS_SEARCH_USER_PATHS = NO;
				CLANG_ANALYZER_NONNULL = YES;
				CLANG_ANALYZER_NUMBER_OBJECT_CONVERSION = YES_AGGRESSIVE;
				CLANG_CXX_LANGUAGE_STANDARD = "gnu++14";
				CLANG_CXX_LIBRARY = "libc++";
				CLANG_ENABLE_MODULES = YES;
				CLANG_ENABLE_OBJC_ARC = YES;
				CLANG_ENABLE_OBJC_WEAK = YES;
				CLANG_WARN_BLOCK_CAPTURE_AUTORELEASING = YES;
				CLANG_WARN_BOOL_CONVERSION = YES;
				CLANG_WARN_COMMA = YES;
				CLANG_WARN_CONSTANT_CONVERSION = YES;
				CLANG_WARN_DEPRECATED_OBJC_IMPLEMENTATIONS = YES;
				CLANG_WARN_DIRECT_OBJC_ISA_USAGE = YES_ERROR;
				CLANG_WARN_DOCUMENTATION_COMMENTS = YES;
				CLANG_WARN_EMPTY_BODY = YES;
				CLANG_WARN_ENUM_CONVERSION = YES;
				CLANG_WARN_INFINITE_RECURSION = YES;
				CLANG_WARN_INT_CONVERSION = YES;
				CLANG_WARN_NON_LITERAL_NULL_CONVERSION = YES;
				CLANG_WARN_OBJC_IMPLICIT_RETAIN_SELF = YES;
				CLANG_WARN_OBJC_LITERAL_CONVERSION = YES;
				CLANG_WARN_OBJC_ROOT_CLASS = YES_ERROR;
				CLANG_WARN_RANGE_LOOP_ANALYSIS = YES;
				CLANG_WARN_STRICT_PROTOTYPES = YES;
				CLANG_WARN_SUSPICIOUS_MOVE = YES;
				CLANG_WARN_UNGUARDED_AVAILABILITY = YES_AGGRESSIVE;
				CLANG_WARN_UNREACHABLE_CODE = YES;
				CLANG_WARN__DUPLICATE_METHOD_MATCH = YES;
				CODE_SIGN_IDENTITY = "iPhone Developer";
				COPY_PHASE_STRIP = NO;
				DEBUG_INFORMATION_FORMAT = dwarf;
				ENABLE_STRICT_OBJC_MSGSEND = YES;
				ENABLE_TESTABILITY = YES;
				GCC_C_LANGUAGE_STANDARD = gnu11;
				GCC_DYNAMIC_NO_PIC = NO;
				GCC_NO_COMMON_BLOCKS = YES;
				GCC_OPTIMIZATION_LEVEL = 0;
				GCC_PREPROCESSOR_DEFINITIONS = (
					"DEBUG=1",
					"$(inherited)",
				);
				GCC_WARN_64_TO_32_BIT_CONVERSION = YES;
				GCC_WARN_ABOUT_RETURN_TYPE = YES_ERROR;
				GCC_WARN_UNDECLARED_SELECTOR = YES;
				GCC_WARN_UNINITIALIZED_AUTOS = YES_AGGRESSIVE;
				GCC_WARN_UNUSED_FUNCTION = YES;
				GCC_WARN_UNUSED_VARIABLE = YES;
				IPHONEOS_DEPLOYMENT_TARGET = 12.1;
				MTL_ENABLE_DEBUG_INFO = INCLUDE_SOURCE;
				MTL_FAST_MATH = YES;
				ONLY_ACTIVE_ARCH = YES;
				SDKROOT = iphoneos;
				SWIFT_ACTIVE_COMPILATION_CONDITIONS = DEBUG;
				SWIFT_OPTIMIZATION_LEVEL = "-Onone";
			};
			name = Debug;
		};
		6A59626F22BAD9F200C1FA32 /* Release */ = {
			isa = XCBuildConfiguration;
			buildSettings = {
				ALWAYS_SEARCH_USER_PATHS = NO;
				CLANG_ANALYZER_NONNULL = YES;
				CLANG_ANALYZER_NUMBER_OBJECT_CONVERSION = YES_AGGRESSIVE;
				CLANG_CXX_LANGUAGE_STANDARD = "gnu++14";
				CLANG_CXX_LIBRARY = "libc++";
				CLANG_ENABLE_MODULES = YES;
				CLANG_ENABLE_OBJC_ARC = YES;
				CLANG_ENABLE_OBJC_WEAK = YES;
				CLANG_WARN_BLOCK_CAPTURE_AUTORELEASING = YES;
				CLANG_WARN_BOOL_CONVERSION = YES;
				CLANG_WARN_COMMA = YES;
				CLANG_WARN_CONSTANT_CONVERSION = YES;
				CLANG_WARN_DEPRECATED_OBJC_IMPLEMENTATIONS = YES;
				CLANG_WARN_DIRECT_OBJC_ISA_USAGE = YES_ERROR;
				CLANG_WARN_DOCUMENTATION_COMMENTS = YES;
				CLANG_WARN_EMPTY_BODY = YES;
				CLANG_WARN_ENUM_CONVERSION = YES;
				CLANG_WARN_INFINITE_RECURSION = YES;
				CLANG_WARN_INT_CONVERSION = YES;
				CLANG_WARN_NON_LITERAL_NULL_CONVERSION = YES;
				CLANG_WARN_OBJC_IMPLICIT_RETAIN_SELF = YES;
				CLANG_WARN_OBJC_LITERAL_CONVERSION = YES;
				CLANG_WARN_OBJC_ROOT_CLASS = YES_ERROR;
				CLANG_WARN_RANGE_LOOP_ANALYSIS = YES;
				CLANG_WARN_STRICT_PROTOTYPES = YES;
				CLANG_WARN_SUSPICIOUS_MOVE = YES;
				CLANG_WARN_UNGUARDED_AVAILABILITY = YES_AGGRESSIVE;
				CLANG_WARN_UNREACHABLE_CODE = YES;
				CLANG_WARN__DUPLICATE_METHOD_MATCH = YES;
				CODE_SIGN_IDENTITY = "iPhone Developer";
				COPY_PHASE_STRIP = NO;
				DEBUG_INFORMATION_FORMAT = "dwarf-with-dsym";
				ENABLE_NS_ASSERTIONS = NO;
				ENABLE_STRICT_OBJC_MSGSEND = YES;
				GCC_C_LANGUAGE_STANDARD = gnu11;
				GCC_NO_COMMON_BLOCKS = YES;
				GCC_WARN_64_TO_32_BIT_CONVERSION = YES;
				GCC_WARN_ABOUT_RETURN_TYPE = YES_ERROR;
				GCC_WARN_UNDECLARED_SELECTOR = YES;
				GCC_WARN_UNINITIALIZED_AUTOS = YES_AGGRESSIVE;
				GCC_WARN_UNUSED_FUNCTION = YES;
				GCC_WARN_UNUSED_VARIABLE = YES;
				IPHONEOS_DEPLOYMENT_TARGET = 12.1;
				MTL_ENABLE_DEBUG_INFO = NO;
				MTL_FAST_MATH = YES;
				SDKROOT = iphoneos;
				SWIFT_COMPILATION_MODE = wholemodule;
				SWIFT_OPTIMIZATION_LEVEL = "-O";
				VALIDATE_PRODUCT = YES;
			};
			name = Release;
		};
		6A59627122BAD9F200C1FA32 /* Debug */ = {
			isa = XCBuildConfiguration;
			buildSettings = {
				ASSETCATALOG_COMPILER_APPICON_NAME = AppIcon;
				CODE_SIGN_STYLE = Automatic;
				DEVELOPMENT_TEAM = 899TSM5Z6B;
				INFOPLIST_FILE = "$(SRCROOT)/Task/Resources/Info.plist";
				LD_RUNPATH_SEARCH_PATHS = (
					"$(inherited)",
					"@executable_path/Frameworks",
				);
				PRODUCT_BUNDLE_IDENTIFIER = com.juliarodriguez.Task;
				PRODUCT_NAME = "$(TARGET_NAME)";
				SWIFT_VERSION = 4.2;
				TARGETED_DEVICE_FAMILY = "1,2";
			};
			name = Debug;
		};
		6A59627222BAD9F200C1FA32 /* Release */ = {
			isa = XCBuildConfiguration;
			buildSettings = {
				ASSETCATALOG_COMPILER_APPICON_NAME = AppIcon;
				CODE_SIGN_STYLE = Automatic;
				DEVELOPMENT_TEAM = 899TSM5Z6B;
				INFOPLIST_FILE = "$(SRCROOT)/Task/Resources/Info.plist";
				LD_RUNPATH_SEARCH_PATHS = (
					"$(inherited)",
					"@executable_path/Frameworks",
				);
				PRODUCT_BUNDLE_IDENTIFIER = com.juliarodriguez.Task;
				PRODUCT_NAME = "$(TARGET_NAME)";
				SWIFT_VERSION = 4.2;
				TARGETED_DEVICE_FAMILY = "1,2";
			};
			name = Release;
		};
/* End XCBuildConfiguration section */

/* Begin XCConfigurationList section */
		6A59625622BAD9F000C1FA32 /* Build configuration list for PBXProject "Task" */ = {
			isa = XCConfigurationList;
			buildConfigurations = (
				6A59626E22BAD9F200C1FA32 /* Debug */,
				6A59626F22BAD9F200C1FA32 /* Release */,
			);
			defaultConfigurationIsVisible = 0;
			defaultConfigurationName = Release;
		};
		6A59627022BAD9F200C1FA32 /* Build configuration list for PBXNativeTarget "Task" */ = {
			isa = XCConfigurationList;
			buildConfigurations = (
				6A59627122BAD9F200C1FA32 /* Debug */,
				6A59627222BAD9F200C1FA32 /* Release */,
			);
			defaultConfigurationIsVisible = 0;
			defaultConfigurationName = Release;
		};
/* End XCConfigurationList section */

/* Begin XCVersionGroup section */
		6A59626522BAD9F000C1FA32 /* Task.xcdatamodeld */ = {
			isa = XCVersionGroup;
			children = (
				6A59626622BAD9F000C1FA32 /* Task.xcdatamodel */,
			);
			currentVersion = 6A59626622BAD9F000C1FA32 /* Task.xcdatamodel */;
			path = Task.xcdatamodeld;
			sourceTree = "<group>";
			versionGroupType = wrapper.xcdatamodel;
		};
/* End XCVersionGroup section */
	};
	rootObject = 6A59625322BAD9F000C1FA32 /* Project object */;
}
